
Microsoft Visual Studio Solution File, Format Version 12.00
# Visual Studio 14
VisualStudioVersion = 14.0.23107.0
MinimumVisualStudioVersion = 10.0.40219.1
Project("{E24C65DC-7377-472B-9ABA-BC803B73C61A}") = "IIO13200-OHJELMOINTIKOE", ".", "{12D79F8A-2BF3-47C7-B284-0F3FBC91A707}"
	ProjectSection(WebsiteProperties) = preProject
		TargetFrameworkMoniker = ".NETFramework,Version%3Dv4.5"
		Debug.AspNetCompiler.VirtualPath = "/localhost_1838"
		Debug.AspNetCompiler.PhysicalPath = "..\IIO13200-OHJELMOINTIKOE\"
		Debug.AspNetCompiler.TargetPath = "PrecompiledWeb\localhost_1838\"
		Debug.AspNetCompiler.Updateable = "true"
		Debug.AspNetCompiler.ForceOverwrite = "true"
		Debug.AspNetCompiler.FixedNames = "false"
		Debug.AspNetCompiler.Debug = "True"
		Release.AspNetCompiler.VirtualPath = "/localhost_1838"
		Release.AspNetCompiler.PhysicalPath = "..\IIO13200-OHJELMOINTIKOE\"
		Release.AspNetCompiler.TargetPath = "PrecompiledWeb\localhost_1838\"
		Release.AspNetCompiler.Updateable = "true"
		Release.AspNetCompiler.ForceOverwrite = "true"
		Release.AspNetCompiler.FixedNames = "false"
		Release.AspNetCompiler.Debug = "False"
		VWDPort = "1838"
		SlnRelativePath = "..\IIO13200-OHJELMOINTIKOE\"
	EndProjectSection
EndProject
Project("{FAE04EC0-301F-11D3-BF4B-00C04F79EFBC}") = "Tehtävä1", "Tehtavat\Tehvätä\Tehtävä1.csproj", "{797426EF-9EC2-4B63-B30A-B941AB2E22F5}"
EndProject
Project("{FAE04EC0-301F-11D3-BF4B-00C04F79EFBC}") = "Tehtävä2WPF", "Tehtavat\Tehtävä2WPF\Tehtävä2WPF.csproj", "{52598F6E-FF88-456C-ACC5-6C47A5648F1D}"
EndProject
Global
	GlobalSection(SolutionConfigurationPlatforms) = preSolution
		Debug|Any CPU = Debug|Any CPU
		Release|Any CPU = Release|Any CPU
	EndGlobalSection
	GlobalSection(ProjectConfigurationPlatforms) = postSolution
		{12D79F8A-2BF3-47C7-B284-0F3FBC91A707}.Debug|Any CPU.ActiveCfg = Debug|Any CPU
		{12D79F8A-2BF3-47C7-B284-0F3FBC91A707}.Debug|Any CPU.Build.0 = Debug|Any CPU
		{12D79F8A-2BF3-47C7-B284-0F3FBC91A707}.Release|Any CPU.ActiveCfg = Debug|Any CPU
		{12D79F8A-2BF3-47C7-B284-0F3FBC91A707}.Release|Any CPU.Build.0 = Debug|Any CPU
		{797426EF-9EC2-4B63-B30A-B941AB2E22F5}.Debug|Any CPU.ActiveCfg = Debug|Any CPU
		{797426EF-9EC2-4B63-B30A-B941AB2E22F5}.Debug|Any CPU.Build.0 = Debug|Any CPU
		{797426EF-9EC2-4B63-B30A-B941AB2E22F5}.Release|Any CPU.ActiveCfg = Release|Any CPU
		{797426EF-9EC2-4B63-B30A-B941AB2E22F5}.Release|Any CPU.Build.0 = Release|Any CPU
		{52598F6E-FF88-456C-ACC5-6C47A5648F1D}.Debug|Any CPU.ActiveCfg = Debug|Any CPU
		{52598F6E-FF88-456C-ACC5-6C47A5648F1D}.Debug|Any CPU.Build.0 = Debug|Any CPU
		{52598F6E-FF88-456C-ACC5-6C47A5648F1D}.Release|Any CPU.ActiveCfg = Release|Any CPU
		{52598F6E-FF88-456C-ACC5-6C47A5648F1D}.Release|Any CPU.Build.0 = Release|Any CPU
	EndGlobalSection
	GlobalSection(SolutionProperties) = preSolution
		HideSolutionNode = FALSE
	EndGlobalSection
EndGlobal
